
Microsoft Visual Studio Solution File, Format Version 12.00
# Visual Studio 2013
VisualStudioVersion = 12.0.21005.1
MinimumVisualStudioVersion = 10.0.40219.1
Project("{FAE04EC0-301F-11D3-BF4B-00C04F79EFBC}") = "App_Import_SSIS_Package_CardProcessing", "App_Import_SSIS_Package_CardProcessing\App_Import_SSIS_Package_CardProcessing.csproj", "{3D087243-0486-4F6E-A8EA-E1007E756DC2}"
EndProject
Global
	GlobalSection(SolutionConfigurationPlatforms) = preSolution
		Debug|Any CPU = Debug|Any CPU
		Release|Any CPU = Release|Any CPU
	EndGlobalSection
	GlobalSection(ProjectConfigurationPlatforms) = postSolution
		{3D087243-0486-4F6E-A8EA-E1007E756DC2}.Debug|Any CPU.ActiveCfg = Debug|Any CPU
		{3D087243-0486-4F6E-A8EA-E1007E756DC2}.Debug|Any CPU.Build.0 = Debug|Any CPU
		{3D087243-0486-4F6E-A8EA-E1007E756DC2}.Release|Any CPU.ActiveCfg = Release|Any CPU
		{3D087243-0486-4F6E-A8EA-E1007E756DC2}.Release|Any CPU.Build.0 = Release|Any CPU
	EndGlobalSection
	GlobalSection(SolutionProperties) = preSolution
		HideSolutionNode = FALSE
	EndGlobalSection
EndGlobal
