
Microsoft Visual Studio Solution File, Format Version 12.00
# Visual Studio 2013
VisualStudioVersion = 12.0.21005.1
MinimumVisualStudioVersion = 10.0.40219.1
Project("{159641D6-6404-4A2A-AE62-294DE0FE8301}") = "SSIS_Package_CardProcessing", "SSIS_Package_CardProcessing\SSIS_Package_CardProcessing.dtproj", "{AC826F44-EA66-4401-928E-CF0FF9043BEF}"
EndProject
Global
	GlobalSection(SolutionConfigurationPlatforms) = preSolution
		Development|Default = Development|Default
	EndGlobalSection
	GlobalSection(ProjectConfigurationPlatforms) = postSolution
		{AC826F44-EA66-4401-928E-CF0FF9043BEF}.Development|Default.ActiveCfg = Development
		{AC826F44-EA66-4401-928E-CF0FF9043BEF}.Development|Default.Build.0 = Development
	EndGlobalSection
	GlobalSection(SolutionProperties) = preSolution
		HideSolutionNode = FALSE
	EndGlobalSection
EndGlobal
